
Microsoft Visual Studio Solution File, Format Version 12.00
# Visual Studio 15
VisualStudioVersion = 15.0.28010.2050
MinimumVisualStudioVersion = 10.0.40219.1
Project("{FAE04EC0-301F-11D3-BF4B-00C04F79EFBC}") = "MeExercise01A", "MeExercise01A\MeExercise01A.csproj", "{408F25EE-E55B-411D-95BD-BA68F98FEE1C}"
EndProject
Global
	GlobalSection(SolutionConfigurationPlatforms) = preSolution
		Debug|Any CPU = Debug|Any CPU
		Release|Any CPU = Release|Any CPU
	EndGlobalSection
	GlobalSection(ProjectConfigurationPlatforms) = postSolution
		{408F25EE-E55B-411D-95BD-BA68F98FEE1C}.Debug|Any CPU.ActiveCfg = Debug|Any CPU
		{408F25EE-E55B-411D-95BD-BA68F98FEE1C}.Debug|Any CPU.Build.0 = Debug|Any CPU
		{408F25EE-E55B-411D-95BD-BA68F98FEE1C}.Release|Any CPU.ActiveCfg = Release|Any CPU
		{408F25EE-E55B-411D-95BD-BA68F98FEE1C}.Release|Any CPU.Build.0 = Release|Any CPU
	EndGlobalSection
	GlobalSection(SolutionProperties) = preSolution
		HideSolutionNode = FALSE
	EndGlobalSection
	GlobalSection(ExtensibilityGlobals) = postSolution
		SolutionGuid = {08244DD3-97D5-49FF-8542-B6FAAA85A687}
	EndGlobalSection
EndGlobal
